
Microsoft Visual Studio Solution File, Format Version 12.00
# Visual Studio Version 17
VisualStudioVersion = 17.8.34408.163
MinimumVisualStudioVersion = 10.0.40219.1
Project("{FAE04EC0-301F-11D3-BF4B-00C04F79EFBC}") = "empty-application", "empty-application\empty-application.csproj", "{0093173B-C9FB-47BF-9F3C-9E01A61160C0}"
EndProject
Global
	GlobalSection(SolutionConfigurationPlatforms) = preSolution
		Debug|Any CPU = Debug|Any CPU
		Release|Any CPU = Release|Any CPU
	EndGlobalSection
	GlobalSection(ProjectConfigurationPlatforms) = postSolution
		{0093173B-C9FB-47BF-9F3C-9E01A61160C0}.Debug|Any CPU.ActiveCfg = Debug|Any CPU
		{0093173B-C9FB-47BF-9F3C-9E01A61160C0}.Debug|Any CPU.Build.0 = Debug|Any CPU
		{0093173B-C9FB-47BF-9F3C-9E01A61160C0}.Release|Any CPU.ActiveCfg = Release|Any CPU
		{0093173B-C9FB-47BF-9F3C-9E01A61160C0}.Release|Any CPU.Build.0 = Release|Any CPU
	EndGlobalSection
	GlobalSection(SolutionProperties) = preSolution
		HideSolutionNode = FALSE
	EndGlobalSection
	GlobalSection(ExtensibilityGlobals) = postSolution
		SolutionGuid = {3971DA38-8671-4758-858E-7D354A082B04}
	EndGlobalSection
EndGlobal
